<?xml version="1.0" encoding="utf-8"?>
<Project ToolsVersion="4.0" xmlns="http://schemas.microsoft.com/developer/msbuild/2003">
  <ItemGroup>
    <ClCompile Include="Main.cpp" />
    <ClCompile Include="src\Domain\Enemy\EnemyBase.cpp" />
    <ClCompile Include="src\Domain\Enemy\LittleDevil.cpp" />
    <ClCompile Include="src\Domain\Player\Player.cpp" />
    <ClCompile Include="src\Domain\Player\Skill\ChokerSkill.cpp" />
    <ClCompile Include="src\UseCase\EnemyFactory.cpp" />
    <ClCompile Include="stdafx.cpp" />
    <ClCompile Include="src\Infrastructure\StageFactory.cpp" />
    <ClCompile Include="src\Domain\Enemy\GothicLolitaDoll.cpp" />
    <ClCompile Include="src\Domain\Enemy\Spider.cpp" />
    <ClCompile Include="src\Domain\Enemy\Eye.cpp" />
    <ClCompile Include="src\Domain\Enemy\Clown.cpp" />
    <ClCompile Include="src\Domain\Enemy\Ribbon.cpp" />
    <ClCompile Include="src\Domain\Enemy\Boss1_3.cpp" />
    <ClCompile Include="src\Domain\Enemy\ShockWave.cpp" />
    <ClCompile Include="src\Domain\Enemy\Bomb.cpp" />
    <ClCompile Include="src\Domain\Enemy\Missile.cpp" />
    <ClCompile Include="src\Domain\Editor\EnemyEditor\EnemyEditorManager.cpp" />
    <ClCompile Include="src\Domain\Editor\StageEditor\StageEditorManager.cpp" />
    <ClCompile Include="src\Presentation\Editor\EnemyEditor\EnemyEditorRenderer.cpp" />
    <ClCompile Include="src\Presentation\Editor\StageEditor\StageEditorRenderer.cpp" />
    <ClCompile Include="src\UseCase\Editor\EnemyEditor\EnemyEditorService.cpp" />
    <ClCompile Include="src\UseCase\Editor\StageEditor\StageEditorService.cpp" />
  </ItemGroup>
  <ItemGroup>
    <ClInclude Include="src\Domain\Enemy\EnemyAI\ChaseAI.h" />
    <ClInclude Include="src\Domain\Enemy\EnemyAI\IEnemyAI.h" />
    <ClInclude Include="src\Domain\Enemy\EnemyAI\PatrolAI.h" />
    <ClInclude Include="src\Domain\Enemy\EnemyBase.h" />
    <ClInclude Include="src\Domain\Enemy\EnemyType.h" />
    <ClInclude Include="src\Domain\Enemy\LittleDevil.h" />
    <ClInclude Include="src\Domain\Events\GameEvents.h" />
    <ClInclude Include="src\Domain\IInputService.h" />
    <ClInclude Include="src\Domain\ITakeDamageable.h" />
    <ClInclude Include="src\Domain\Physics\ICollisionListener.h" />
    <ClInclude Include="src\Domain\Physics\IPhysicsBody.h" />
    <ClInclude Include="src\Domain\Physics\PhysicsTypes.h" />
    <ClInclude Include="src\Domain\Physics\PhysicsBodyID.h" />
    <ClInclude Include="src\Domain\Player\Skill\ChokerSkill.h" />
    <ClInclude Include="src\Domain\Player\Skill\IPlayerSkill.h" />
    <ClInclude Include="src\Domain\Player\Player.h" />
    <ClInclude Include="src\Domain\Stage\BackgroundTypes.h" />
    <ClInclude Include="src\Domain\Stage\IStage.h" />
    <ClInclude Include="src\Domain\Stage\NormalStage.h" />
    <ClInclude Include="src\Domain\Stage\StageTypes.h" />
    <ClInclude Include="src\Domain\StoryData.h" />
    <ClInclude Include="src\Foundation\CoreManager.h" />
    <ClInclude Include="src\Foundation\CoroutineUtil.h" />
    <ClInclude Include="src\Infrastructure\AudioLoader.h" />
    <ClInclude Include="src\Infrastructure\BackgroundLoader.h" />
    <ClInclude Include="src\Infrastructure\EnemyLoader.h" />
    <ClInclude Include="src\Infrastructure\FactoryServiceLocator.h" />
    <ClInclude Include="src\Infrastructure\GridRenderer.h" />
    <ClInclude Include="src\Infrastructure\IPhysicsBodyFactory.h" />
    <ClInclude Include="src\Infrastructure\PhysicsConverter.h" />
    <ClInclude Include="src\Infrastructure\PhysicsFilterManager.h" />
    <ClInclude Include="src\Infrastructure\Siv3DCursorUtil.h" />
    <ClInclude Include="src\Infrastructure\Siv3DInputManager.h" />
    <ClInclude Include="src\Infrastructure\Siv3DPhysicsBody.h" />
    <ClInclude Include="src\Infrastructure\Siv3DPhysicsBodyFactory.h" />
    <ClInclude Include="src\Infrastructure\StageLoader.h" />
    <ClInclude Include="src\Infrastructure\TextureLoader.h" />
    <ClInclude Include="src\Presentation\Animator.h" />
    <ClInclude Include="src\Presentation\AnimatorLoader.h" />
    <ClInclude Include="src\Presentation\AudioService.h" />
    <ClInclude Include="src\Presentation\CameraManager.h" />
    <ClInclude Include="src\Presentation\EffectManager.h" />
    <ClInclude Include="src\Presentation\EnemyManager.h" />
    <ClInclude Include="src\Presentation\FadeManager.h" />
    <ClInclude Include="src\Presentation\PlayerManager.h" />
    <ClInclude Include="src\Presentation\Scenes\GameScene.h" />
    <ClInclude Include="src\Presentation\Scenes\ResultScene.h" />
    <ClInclude Include="src\Presentation\Scenes\SelectScene.h" />
    <ClInclude Include="src\Presentation\Scenes\StoryScene.h" />
    <ClInclude Include="src\Presentation\Scenes\TitleScene.h" />
    <ClInclude Include="src\Presentation\Stage\BackgroundRenderer.h" />
    <ClInclude Include="src\Presentation\StoryManager.h" />
    <ClInclude Include="src\UseCase\AttackProcessor.h" />
    <ClInclude Include="src\UseCase\CameraEvent.h" />
    <ClInclude Include="src\UseCase\CameraService.h" />
    <ClInclude Include="src\UseCase\EffectEvents.h" />
    <ClInclude Include="src\UseCase\EffectImplementations.h" />
    <ClInclude Include="src\UseCase\EnemyFactory.h" />
    <ClInclude Include="src\UseCase\GameEventHandler.h" />
    <ClInclude Include="src\UseCase\PlayerService.h" />
    <ClInclude Include="src\UseCase\StageService.h" />
    <ClInclude Include="stdafx.h" />
    <ClInclude Include="src\Infrastructure\StageFactory.h" />
    <ClInclude Include="src\Domain\Enemy\EnemyAI\AttackAI.h" />
    <ClInclude Include="src\Presentation\Scenes\TransitionManager.h" />
    <ClInclude Include="src\Domain\Enemy\GothicLolitaDoll.h" />
    <ClInclude Include="src\Domain\Enemy\Spider.h" />
    <ClInclude Include="src\Domain\Enemy\Eye.h" />
    <ClInclude Include="src\Domain\Enemy\Clown.h" />
    <ClInclude Include="src\Domain\Enemy\Ribbon.h" />
    <ClInclude Include="src\Presentation\PostEffect\BloomManager.h" />
    <ClInclude Include="src\Presentation\SettingManager.h" />
    <ClInclude Include="src\Domain\FlagmentMemory.h" />
    <ClInclude Include="src\Presentation\InGameUIManager.h" />
    <ClInclude Include="src\Domain\Enemy\EyeBeam.h" />
    <ClInclude Include="src\Domain\Enemy\Boss1_3.h" />
    <ClInclude Include="src\Domain\Enemy\EnemyAI\RunAwayAI.h" />
    <ClInclude Include="src\Domain\Enemy\ShockWave.h" />
    <ClInclude Include="src\Presentation\Stage\StageManager.h" />
    <ClInclude Include="src\Domain\Enemy\Bomb.h" />
    <ClInclude Include="src\Domain\IIndependentObject.h" />
    <ClInclude Include="src\Infrastructure\IndependentObjectFactory.h" />
    <ClInclude Include="src\UseCase\IndependentObjectService.h" />
    <ClInclude Include="src\Presentation\IndependentObjectManager.h" />
    <ClInclude Include="src\Domain\Enemy\Missile.h" />
    <ClInclude Include="src\Domain\GoalArea.h" />
    <ClInclude Include="src\Domain\Stage\DamageStage.h" />
    <ClInclude Include="src\Domain\Stage\MovingDamagePlatformStage.h" />
    <ClInclude Include="src\Domain\Stage\MovingPlatformStage.h" />
    <ClInclude Include="src\Domain\Stage\OneWayPlatformStage.h" />
    <ClInclude Include="src\Presentation\ResourceManager.h" />
    <ClInclude Include="src\Presentation\TextureManager.h" />
    <ClInclude Include="src\Domain\Editor\StageEditor\StageEditorTypes.h" />
    <ClInclude Include="src\Domain\Editor\StageEditor\StageEditorManager.h" />
    <ClInclude Include="src\UseCase\Editor\StageEditor\StageEditorService.h" />
    <ClInclude Include="src\Presentation\Editor\StageEditor\StageEditorRenderer.h" />
    <ClInclude Include="src\Presentation\Scenes\StageEditorScene.h" />
    <ClInclude Include="src\Domain\Editor\EnemyEditor\EnemyEditorManager.h" />
    <ClInclude Include="src\Domain\Editor\EnemyEditor\EnemyEditorTypes.h" />
    <ClInclude Include="src\Presentation\Editor\EnemyEditor\EnemyEditorRenderer.h" />
    <ClInclude Include="src\UseCase\Editor\EnemyEditor\EnemyEditorService.h" />
    <ClInclude Include="src\Domain\Editor\Base\EditorManagerBase.h" />
    <ClInclude Include="src\UseCase\Editor\Base\EditorServiceBase.h" />
    <ClInclude Include="src\Presentation\Editor\Base\EditorRendererBase.h" />
  </ItemGroup>
  <ItemGroup>
    <ResourceCompile Include="App\Resource.rc" />
  </ItemGroup>
  <ItemGroup>
    <Xml Include="App\example\objdetect\haarcascade\eye.xml" />
    <Xml Include="App\example\objdetect\haarcascade\face_anime.xml" />
    <Xml Include="App\example\objdetect\haarcascade\frontal_catface.xml" />
    <Xml Include="App\example\objdetect\haarcascade\frontal_face_alt2.xml" />
    <Xml Include="App\example\xml\config.xml" />
    <Xml Include="App\example\xml\test.xml" />
  </ItemGroup>
  <ItemGroup>
    <Media Include="App\example\shot.mp3" />
    <Media Include="App\example\test.mp3" />
    <Media Include="App\example\video\river.mp4" />
    <Media Include="App\Assets\Sounds\bgm_title.mp3" />
    <Media Include="App\Assets\Sounds\se_jump.mp3" />
    <Media Include="App\Assets\Sounds\se_damage.mp3" />
    <Media Include="App\Assets\Sounds\se_getFlagment.mp3" />
    <Media Include="App\Assets\Sounds\se_explosion.mp3" />
    <Media Include="App\Assets\Sounds\bgm_ingame.mp3" />
    <Media Include="App\Assets\Sounds\se_chokerThrow.mp3" />
    <Media Include="App\Assets\Sounds\se_attack.mp3" />
    <Media Include="App\Assets\Sounds\se_barrier.mp3" />
    <Media Include="App\Assets\Sounds\se_bossDown.mp3" />
    <Media Include="App\Assets\Sounds\se_button.mp3" />
    <Media Include="App\Assets\Sounds\se_fallDamage.mp3" />
    <Media Include="App\Assets\Sounds\se_goal.mp3" />
    <Media Include="App\Assets\Sounds\bgm_hauntedHouse.mp3" />
    <Media Include="App\Assets\Sounds\bgm_story1_1.mp3" />
  </ItemGroup>
  <ItemGroup>
    <Image Include="App\engine\texture\box-shadow\128.png" />
    <Image Include="App\engine\texture\box-shadow\16.png" />
    <Image Include="App\engine\texture\box-shadow\256.png" />
    <Image Include="App\engine\texture\box-shadow\32.png" />
    <Image Include="App\engine\texture\box-shadow\64.png" />
    <Image Include="App\engine\texture\box-shadow\8.png" />
    <Image Include="App\example\bay.jpg" />
    <Image Include="App\example\gif\test.gif" />
    <Image Include="App\example\obj\bark.jpg" />
    <Image Include="App\example\obj\leaves.png" />
    <Image Include="App\example\obj\pine_leaves_red.png" />
    <Image Include="App\example\obj\siv3d-kun-eye.png" />
    <Image Include="App\example\obj\siv3d-kun.png" />
    <Image Include="App\example\particle.png" />
    <Image Include="App\example\siv3d-kun.png" />
    <Image Include="App\example\spritesheet\siv3d-kun-16.png" />
    <Image Include="App\example\texture\earth.jpg" />
    <Image Include="App\example\texture\grass.jpg" />
    <Image Include="App\example\texture\ground.jpg" />
    <Image Include="App\example\texture\rock.jpg" />
    <Image Include="App\example\texture\uv.png" />
    <Image Include="App\example\texture\wood.jpg" />
    <Image Include="App\example\windmill.png" />
    <Image Include="App\icon.ico" />
    <Image Include="App\Assets\Cursor\GameCursor.png" />
    <Image Include="App\Assets\Enemy\LittleDevil\idle_0.png" />
    <Image Include="App\Assets\Enemy\GothicLolitaDoll\idle_1.png" />
    <Image Include="App\Assets\Player\Skill\Bomb\Bomb.png" />
    <Image Include="App\Assets\Stage\White_Test.png" />
    <Image Include="App\Assets\Story\background_stage1_1_clear.png" />
    <Image Include="App\Assets\Story\Portrait\Player\player_normal.png" />
    <Image Include="App\Assets\Story\Portrait\Player\player_smiling.png" />
    <Image Include="App\Assets\Story\Portrait\Player\player_surprised.png" />
    <Image Include="App\Assets\Story\Portrait\Player\player_suspicious.png" />
    <Image Include="App\Assets\Enemy\GothicLolitaDoll\idle_0.png" />
    <Image Include="App\Assets\Enemy\Eye\idle_1.png" />
    <Image Include="App\Assets\Enemy\Clown\idle_0.png" />
    <Image Include="Assets\Enemy\Spider\idle_1.png" />
    <Image Include="App\Assets\Enemy\Spider\idle_0.png" />
    <Image Include="App\Assets\FlagmentMemory.png" />
    <Image Include="Assets\Title\Press.png" />
    <Image Include="App\Assets\Enemy\Eye\idle_0.png" />
    <Image Include="App\Assets\setting_back.png" />
    <Image Include="App\Assets\setting_backMain.png" />
    <Image Include="App\Assets\UI\hp_back.png" />
    <Image Include="App\Assets\UI\hp_front.png" />
    <Image Include="App\Assets\UI\face_happy.png" />
    <Image Include="App\Assets\UI\face_normal.png" />
    <Image Include="App\Assets\UI\face_sad.png" />
    <Image Include="App\Assets\Enemy\Boss1_3\idle_0.png" />
    <Image Include="App\Assets\Enemy\Boss1_3\idle_1.png" />
    <Image Include="App\Assets\Cursor\cursor_green.png" />
    <Image Include="App\Assets\Cursor\cursor_orange.png" />
    <Image Include="App\Assets\Cursor\cursor_yellow.png" />
    <Image Include="App\Assets\Enemy\Boss1_3\Shockwave\shockwave_00.png" />
    <Image Include="App\Assets\Enemy\Boss1_3\Shockwave\shockwave_01.png" />
    <Image Include="App\Assets\Enemy\Boss1_3\Shockwave\shockwave_02.png" />
    <Image Include="App\Assets\Enemy\Boss1_3\Shockwave\shockwave_03.png" />
    <Image Include="App\Assets\Enemy\Boss1_3\Shockwave\shockwave_04.png" />
    <Image Include="App\Assets\Player\Idle\idle_00.png" />
    <Image Include="App\Assets\Player\Idle\idle_01.png" />
    <Image Include="App\Assets\Player\Idle\idle_02.png" />
    <Image Include="App\Assets\Player\Idle\idle_03.png" />
    <Image Include="App\Assets\Player\Idle\idle_04.png" />
    <Image Include="App\Assets\Player\Idle\idle_05.png" />
    <Image Include="App\Assets\Player\Idle\idle_06.png" />
    <Image Include="App\Assets\Player\Idle\idle_07.png" />
    <Image Include="App\Assets\Player\Idle\idle_08.png" />
    <Image Include="App\Assets\Player\Idle\idle_09.png" />
    <Image Include="App\Assets\Player\Idle\idle_10.png" />
    <Image Include="App\Assets\Player\Idle\idle_11.png" />
    <Image Include="App\Assets\Player\Idle\idle_12.png" />
    <Image Include="App\Assets\Player\Idle\idle_13.png" />
    <Image Include="App\Assets\Player\Idle\idle_14.png" />
    <Image Include="App\Assets\Player\Idle\idle_15.png" />
    <Image Include="App\Assets\Player\Idle\idle_16.png" />
    <Image Include="App\Assets\Player\Idle\idle_17.png" />
    <Image Include="App\Assets\Player\Idle\idle_18.png" />
    <Image Include="App\Assets\Player\Idle\idle_19.png" />
    <Image Include="App\Assets\Player\Idle\idle_20.png" />
    <Image Include="App\Assets\Player\Idle\idle_21.png" />
    <Image Include="App\Assets\Player\Idle\idle_22.png" />
    <Image Include="App\Assets\Player\Idle\idle_23.png" />
    <Image Include="App\Assets\Player\Idle\idle_24.png" />
    <Image Include="App\Assets\Player\Idle\idle_25.png" />
    <Image Include="App\Assets\Player\Idle\idle_26.png" />
    <Image Include="App\Assets\Player\Idle\idle_27.png" />
    <Image Include="App\Assets\Player\Idle\idle_28.png" />
    <Image Include="App\Assets\Player\Idle\idle_29.png" />
    <Image Include="App\Assets\Item\bomb.png" />
    <Image Include="Assets\Enemy\Clown\idle_1.png" />
    <Image Include="App\Assets\Enemy\Ribbon\idle_0.png" />
    <Image Include="App\Assets\Player\Jump\jump_00.png" />
    <Image Include="App\Assets\Player\Jump\jump_01.png" />
    <Image Include="App\Assets\Player\Jump\jump_02.png" />
    <Image Include="App\Assets\Player\Jump\jump_03.png" />
    <Image Include="App\Assets\Player\Jump\jump_04.png" />
    <Image Include="App\Assets\Player\Jump\jump_05.png" />
    <Image Include="App\Assets\Player\Jump\jump_06.png" />
    <Image Include="App\Assets\Player\Jump\jump_07.png" />
    <Image Include="App\Assets\Player\Jump\jump_08.png" />
    <Image Include="App\Assets\Player\Jump\jump_09.png" />
    <Image Include="App\Assets\Player\Jump\jump_10.png" />
    <Image Include="App\Assets\Player\Jump\jump_11.png" />
    <Image Include="App\Assets\Player\Jump\jump_12.png" />
    <Image Include="App\Assets\Player\Jump\jump_13.png" />
    <Image Include="App\Assets\Player\Jump\jump_14.png" />
    <Image Include="App\Assets\Player\Jump\jump_15.png" />
    <Image Include="App\Assets\Player\Jump\jump_16.png" />
    <Image Include="App\Assets\Player\Jump\jump_17.png" />
    <Image Include="App\Assets\Player\Jump\jump_18.png" />
    <Image Include="App\Assets\Player\Jump\jump_19.png" />
    <Image Include="App\Assets\Player\Jump\jump_20.png" />
    <Image Include="App\Assets\Player\Jump\jump_21.png" />
    <Image Include="App\Assets\Player\Jump\jump_22.png" />
    <Image Include="App\Assets\Player\Jump\jump_23.png" />
    <Image Include="App\Assets\Player\Jump\jump_24.png" />
    <Image Include="App\Assets\Player\Jump\jump_25.png" />
    <Image Include="App\Assets\Player\Jump\jump_26.png" />
    <Image Include="App\Assets\Player\Jump\jump_27.png" />
    <Image Include="App\Assets\Player\Jump\jump_28.png" />
    <Image Include="App\Assets\Player\Jump\jump_29.png" />
    <Image Include="App\Assets\Player\Walk\walk_00.png" />
    <Image Include="App\Assets\Player\Walk\walk_01.png" />
    <Image Include="App\Assets\Player\Walk\walk_02.png" />
    <Image Include="App\Assets\Player\Walk\walk_03.png" />
    <Image Include="App\Assets\Player\Walk\walk_04.png" />
    <Image Include="App\Assets\Player\Walk\walk_05.png" />
    <Image Include="App\Assets\Player\Walk\walk_06.png" />
    <Image Include="App\Assets\Player\Walk\walk_07.png" />
    <Image Include="App\Assets\Player\Walk\walk_08.png" />
    <Image Include="App\Assets\Player\Walk\walk_09.png" />
    <Image Include="App\Assets\Player\Walk\walk_10.png" />
    <Image Include="App\Assets\Player\Walk\walk_11.png" />
    <Image Include="App\Assets\Player\Walk\walk_12.png" />
    <Image Include="App\Assets\Player\Walk\walk_13.png" />
    <Image Include="App\Assets\Player\Walk\walk_14.png" />
    <Image Include="App\Assets\Player\Walk\walk_15.png" />
    <Image Include="App\Assets\Player\Walk\walk_16.png" />
    <Image Include="App\Assets\Player\Walk\walk_17.png" />
    <Image Include="App\Assets\Player\Walk\walk_18.png" />
    <Image Include="App\Assets\Player\Walk\walk_19.png" />
    <Image Include="App\Assets\Player\Walk\walk_20.png" />
    <Image Include="App\Assets\Player\Walk\walk_21.png" />
    <Image Include="App\Assets\Player\Walk\walk_22.png" />
    <Image Include="App\Assets\Player\Walk\walk_23.png" />
    <Image Include="App\Assets\Player\Walk\walk_24.png" />
    <Image Include="App\Assets\Player\Walk\walk_25.png" />
    <Image Include="App\Assets\Player\Walk\walk_26.png" />
    <Image Include="App\Assets\Player\Walk\walk_27.png" />
    <Image Include="App\Assets\Player\Walk\walk_28.png" />
    <Image Include="App\Assets\Player\Walk\walk_29.png" />
    <Image Include="App\Assets\UI\fragment_00.png" />
    <Image Include="App\Assets\UI\fragment_01.png" />
    <Image Include="App\Assets\UI\fragment_02.png" />
    <Image Include="App\Assets\UI\fragment_03.png" />
    <Image Include="App\Assets\UI\frameDamage_00.png" />
    <Image Include="App\Assets\UI\frameDamage_01.png" />
    <Image Include="App\Assets\UI\frameNoDamage.png" />
    <Image Include="App\Assets\Story\Portrait\Player\player_conversation" />
    <Image Include="App\Assets\Story\Portrait\Player\player_conversation.png" />
    <Image Include="App\Assets\Story\Portrait\Riska\riska_normal.png" />
    <Image Include="App\Assets\Story\Portrait\Riska\riska_smiling.png" />
    <Image Include="App\Assets\Story\Portrait\Riska\riska_surprised.png" />
    <Image Include="App\Assets\Story\Portrait\Riska\riska_suspicious.png" />
    <Image Include="App\Assets\UI\face_hand.png" />
    <Image Include="App\Assets\Player\ChokerThrow\choker_throw_00.png" />
    <Image Include="App\Assets\Player\ChokerThrow\choker_throw_01.png" />
    <Image Include="App\Assets\Player\ChokerThrow\choker_throw_02.png" />
    <Image Include="App\Assets\Player\ChokerThrow\choker_throw_03.png" />
    <Image Include="App\Assets\Player\ChokerThrow\choker_throw_04.png" />
    <Image Include="App\Assets\Player\ChokerThrow\choker_throw_05.png" />
    <Image Include="App\Assets\Player\ChokerThrow\choker_throw_06.png" />
    <Image Include="App\Assets\Player\ChokerThrow\choker_throw_07.png" />
    <Image Include="App\Assets\Player\ChokerThrow\choker_throw_08.png" />
    <Image Include="App\Assets\Player\ChokerThrow\choker_throw_09.png" />
    <Image Include="App\Assets\Player\ChokerThrow\choker_throw_10.png" />
    <Image Include="App\Assets\Player\ChokerThrow\choker_throw_11.png" />
    <Image Include="App\Assets\Player\ChokerThrow\choker_throw_12.png" />
    <Image Include="App\Assets\Player\ChokerThrow\choker_throw_13.png" />
    <Image Include="App\Assets\Player\ChokerThrow\choker_throw_14.png" />
    <Image Include="App\Assets\Player\ChokerThrow\choker_throw_15.png" />
    <Image Include="App\Assets\Player\ChokerThrow\choker_throw_16.png" />
    <Image Include="App\Assets\Player\ChokerThrow\choker_throw_17.png" />
    <Image Include="App\Assets\Player\ChokerThrow\choker_throw_18.png" />
    <Image Include="App\Assets\Player\ChokerThrow\choker_throw_19.png" />
    <Image Include="App\Assets\Player\ChokerThrow\choker_throw_20.png" />
    <Image Include="App\Assets\Player\ChokerThrow\choker_throw_21.png" />
    <Image Include="App\Assets\Player\ChokerThrow\choker_throw_22.png" />
    <Image Include="App\Assets\Player\ChokerThrow\choker_throw_23.png" />
    <Image Include="App\Assets\Player\ChokerThrow\choker_throw_24.png" />
    <Image Include="App\Assets\Player\ChokerThrow\choker_throw_25.png" />
    <Image Include="App\Assets\Player\ChokerThrow\choker_throw_26.png" />
    <Image Include="App\Assets\Player\ChokerThrow\choker_throw_27.png" />
    <Image Include="App\Assets\Player\ChokerThrow\choker_throw_28.png" />
    <Image Include="App\Assets\Player\ChokerThrow\choker_throw_29.png" />
    <Image Include="App\Assets\UI\background.png" />
    <Image Include="App\Assets\Story\background_stage1_1_start.png" />
    <Image Include="App\Assets\Item\Missile.png" />
    <Image Include="App\Assets\Story\background_stage1_2_clear.png" />
    <Image Include="App\Assets\Story\background_stage1_2_start.png" />
    <Image Include="App\Assets\Story\background_stage1_3_clear.png" />
    <Image Include="App\Assets\Story\background_stage1_3_start.png" />
    <Image Include="App\Assets\Stage\Goal.png" />
    <Image Include="App\Assets\Title\logo.png" />
    <Image Include="App\Assets\Title\background.png" />
    <Image Include="App\Assets\Select\select_area.png" />
    <Image Include="App\Assets\Select\serect-AREA_back-screen.png" />
    <Image Include="App\Assets\Select\serect-area_BACK.png" />
    <Image Include="App\Assets\Select\serect-stage_back-screen.png" />
    <Image Include="App\Assets\Select\stage-serect_BACK.png" />
    <Image Include="App\Assets\Title\companyLogo.png" />
    <Image Include="App\Assets\Select\area_01.png" />
    <Image Include="App\Assets\Select\area_02.png" />
    <Image Include="App\Assets\Select\area_03.png" />
    <Image Include="App\Assets\Select\stage1_1.png" />
    <Image Include="App\Assets\Select\stage1_2.png" />
    <Image Include="App\Assets\Select\stage1_3.png" />
    <Image Include="App\Assets\Player\Damage\damege_00.png" />
    <Image Include="App\Assets\Player\Damage\damege_01.png" />
    <Image Include="App\Assets\Player\Damage\damege_02.png" />
    <Image Include="App\Assets\Player\Damage\damege_03.png" />
    <Image Include="App\Assets\Player\Damage\damege_04.png" />
    <Image Include="App\Assets\Player\Damage\damege_05.png" />
    <Image Include="App\Assets\Player\Damage\damege_06.png" />
    <Image Include="App\Assets\Player\Damage\damege_07.png" />
    <Image Include="App\Assets\Player\Damage\damege_08.png" />
    <Image Include="App\Assets\Player\Damage\damege_09.png" />
    <Image Include="App\Assets\Player\Damage\damege_10.png" />
    <Image Include="App\Assets\Player\Damage\damege_11.png" />
    <Image Include="App\Assets\Player\Damage\damege_12.png" />
    <Image Include="App\Assets\Player\Damage\damege_13.png" />
    <Image Include="App\Assets\Player\Damage\damege_14.png" />
    <Image Include="App\Assets\Player\Damage\damege_15.png" />
    <Image Include="App\Assets\Player\Damage\damege_16.png" />
    <Image Include="App\Assets\Player\Damage\damege_17.png" />
    <Image Include="App\Assets\Player\Damage\damege_18.png" />
    <Image Include="App\Assets\Player\Damage\damege_19.png" />
    <Image Include="App\Assets\Player\Damage\damege_20.png" />
    <Image Include="App\Assets\Player\Damage\damege_21.png" />
    <Image Include="App\Assets\Player\Damage\damege_22.png" />
    <Image Include="App\Assets\Player\Damage\damege_23.png" />
    <Image Include="App\Assets\Player\Damage\damege_24.png" />
    <Image Include="App\Assets\Player\Damage\damege_25.png" />
    <Image Include="App\Assets\Player\Damage\damege_26.png" />
    <Image Include="App\Assets\Player\Damage\damege_27.png" />
    <Image Include="App\Assets\Player\Damage\damege_28.png" />
    <Image Include="App\Assets\Player\Damage\damege_29.png" />
  </ItemGroup>
  <ItemGroup>
    <Font Include="App\example\font\DotGothic16\DotGothic16-Regular.ttf" />
    <Font Include="App\example\font\RocknRoll\RocknRollOne-Regular.ttf" />
    <Font Include="App\Assets\Font\PixelMplus12-Bold.ttf" />
    <Font Include="App\Assets\Font\Corporate-Logo-Bold-ver3.otf" />
  </ItemGroup>
  <ItemGroup>
    <None Include=".editorconfig" />
    <None Include="App\dll\soundtouch\SoundTouch_x64.dll" />
    <None Include="App\engine\font\fontawesome\fontawesome-brands.otf.zstdcmp" />
    <None Include="App\engine\font\fontawesome\fontawesome-solid.otf.zstdcmp" />
    <None Include="App\engine\font\materialdesignicons\license.md" />
    <None Include="App\engine\font\materialdesignicons\materialdesignicons-webfont.ttf.zstdcmp" />
    <None Include="App\engine\font\min\LICENSE" />
    <None Include="App\engine\font\min\siv3d-min.woff" />
    <None Include="App\engine\font\mplus\LICENSE_E" />
    <None Include="App\engine\font\mplus\mplus-1p-black.ttf.zstdcmp" />
    <None Include="App\engine\font\mplus\mplus-1p-bold.ttf.zstdcmp" />
    <None Include="App\engine\font\mplus\mplus-1p-heavy.ttf.zstdcmp" />
    <None Include="App\engine\font\mplus\mplus-1p-light.ttf.zstdcmp" />
    <None Include="App\engine\font\mplus\mplus-1p-medium.ttf.zstdcmp" />
    <None Include="App\engine\font\mplus\mplus-1p-regular.ttf.zstdcmp" />
    <None Include="App\engine\font\mplus\mplus-1p-thin.ttf.zstdcmp" />
    <None Include="App\engine\font\noto-cjk\LICENSE" />
    <None Include="App\engine\font\noto-cjk\NotoSansCJK-Regular.ttc.zstdcmp" />
    <None Include="App\engine\font\noto-cjk\NotoSansJP-Regular.otf.zstdcmp" />
    <None Include="App\engine\font\noto-emoji\LICENSE" />
    <None Include="App\engine\font\noto-emoji\NotoColorEmoji.ttf.zstdcmp" />
    <None Include="App\engine\font\noto-emoji\NotoEmoji-Regular.ttf.zstdcmp" />
    <None Include="App\engine\shader\d3d11\apply_srgb_curve.ps" />
    <None Include="App\engine\shader\d3d11\bitmapfont.ps" />
    <None Include="App\engine\shader\d3d11\copy.ps" />
    <None Include="App\engine\shader\d3d11\forward3d.ps" />
    <None Include="App\engine\shader\d3d11\forward3d.vs" />
    <None Include="App\engine\shader\d3d11\fullscreen_triangle.ps" />
    <None Include="App\engine\shader\d3d11\fullscreen_triangle.vs" />
    <None Include="App\engine\shader\d3d11\gaussian_blur_13.ps" />
    <None Include="App\engine\shader\d3d11\gaussian_blur_5.ps" />
    <None Include="App\engine\shader\d3d11\gaussian_blur_9.ps" />
    <None Include="App\engine\shader\d3d11\line3d.ps" />
    <None Include="App\engine\shader\d3d11\line3d.vs" />
    <None Include="App\engine\shader\d3d11\msdffont.ps" />
    <None Include="App\engine\shader\d3d11\msdffont_outline.ps" />
    <None Include="App\engine\shader\d3d11\msdffont_outlineshadow.ps" />
    <None Include="App\engine\shader\d3d11\msdffont_shadow.ps" />
    <None Include="App\engine\shader\d3d11\msdfprint.ps" />
    <None Include="App\engine\shader\d3d11\quad_warp.ps" />
    <None Include="App\engine\shader\d3d11\quad_warp.vs" />
    <None Include="App\engine\shader\d3d11\round_dot.ps" />
    <None Include="App\engine\shader\d3d11\sdffont.ps" />
    <None Include="App\engine\shader\d3d11\sdffont_outline.ps" />
    <None Include="App\engine\shader\d3d11\sdffont_outlineshadow.ps" />
    <None Include="App\engine\shader\d3d11\sdffont_shadow.ps" />
    <None Include="App\engine\shader\d3d11\shape.ps" />
    <None Include="App\engine\shader\d3d11\sky.ps" />
    <None Include="App\engine\shader\d3d11\sprite.vs" />
    <None Include="App\engine\shader\d3d11\square_dot.ps" />
    <None Include="App\engine\shader\d3d11\texture.ps" />
    <None Include="App\engine\shader\glsl\apply_srgb_curve.frag" />
    <None Include="App\engine\shader\glsl\bitmapfont.frag" />
    <None Include="App\engine\shader\glsl\copy.frag" />
    <None Include="App\engine\shader\glsl\forward3d.frag" />
    <None Include="App\engine\shader\glsl\forward3d.vert" />
    <None Include="App\engine\shader\glsl\fullscreen_triangle.frag" />
    <None Include="App\engine\shader\glsl\fullscreen_triangle.vert" />
    <None Include="App\engine\shader\glsl\gaussian_blur_13.frag" />
    <None Include="App\engine\shader\glsl\gaussian_blur_5.frag" />
    <None Include="App\engine\shader\glsl\gaussian_blur_9.frag" />
    <None Include="App\engine\shader\glsl\line3d.frag" />
    <None Include="App\engine\shader\glsl\line3d.vert" />
    <None Include="App\engine\shader\glsl\msdffont.frag" />
    <None Include="App\engine\shader\glsl\msdffont_outline.frag" />
    <None Include="App\engine\shader\glsl\msdffont_outlineshadow.frag" />
    <None Include="App\engine\shader\glsl\msdffont_shadow.frag" />
    <None Include="App\engine\shader\glsl\msdfprint.frag" />
    <None Include="App\engine\shader\glsl\quad_warp.frag" />
    <None Include="App\engine\shader\glsl\quad_warp.vert" />
    <None Include="App\engine\shader\glsl\round_dot.frag" />
    <None Include="App\engine\shader\glsl\sdffont.frag" />
    <None Include="App\engine\shader\glsl\sdffont_outline.frag" />
    <None Include="App\engine\shader\glsl\sdffont_outlineshadow.frag" />
    <None Include="App\engine\shader\glsl\sdffont_shadow.frag" />
    <None Include="App\engine\shader\glsl\shape.frag" />
    <None Include="App\engine\shader\glsl\sky.frag" />
    <None Include="App\engine\shader\glsl\sprite.vert" />
    <None Include="App\engine\shader\glsl\square_dot.frag" />
    <None Include="App\engine\shader\glsl\texture.frag" />
    <None Include="App\engine\soundfont\GMGSx.sf2.zstdcmp" />
    <None Include="App\example\csv\config.csv" />
    <None Include="App\example\font\DotGothic16\README-JP.md" />
    <None Include="App\example\font\DotGothic16\README.md" />
    <None Include="App\example\font\RocknRoll\README-JP.md" />
    <None Include="App\example\font\RocknRoll\README.md" />
    <None Include="App\example\geojson\countries.geojson" />
    <None Include="App\example\ini\config.ini" />
    <None Include="App\example\json\config.json" />
    <None Include="App\example\json\empty.json" />
    <None Include="App\example\json\invalid-blank.json" />
    <None Include="App\example\json\invalid-syntax.json" />
    <None Include="App\example\json\test.json" />
    <None Include="App\example\midi\test.mid" />
    <None Include="App\example\obj\blacksmith.mtl" />
    <None Include="App\example\obj\crystal1.mtl" />
    <None Include="App\example\obj\crystal2.mtl" />
    <None Include="App\example\obj\crystal3.mtl" />
    <None Include="App\example\obj\mill.mtl" />
    <None Include="App\example\obj\pine.mtl" />
    <None Include="App\example\obj\siv3d-kun.mtl" />
    <None Include="App\example\obj\tree.mtl" />
    <None Include="App\example\script\breakout.as" />
    <None Include="App\example\script\hello.as" />
    <None Include="App\example\script\paint.as" />
    <None Include="App\example\script\piano.as" />
    <None Include="App\example\script\test.as" />
    <None Include="App\example\shader\glsl\default2d.vert" />
    <None Include="App\example\shader\glsl\default2d_shape.frag" />
    <None Include="App\example\shader\glsl\default2d_texture.frag" />
    <None Include="App\example\shader\glsl\default3d_forward.frag" />
    <None Include="App\example\shader\glsl\default3d_forward.vert" />
    <None Include="App\example\shader\glsl\default3d_forward_shadow_depth.frag" />
    <None Include="App\example\shader\glsl\default3d_forward_shadow_shading.frag" />
    <None Include="App\example\shader\glsl\extract_bright_linear.frag" />
    <None Include="App\example\shader\glsl\forward_fog.frag" />
    <None Include="App\example\shader\glsl\forward_triplanar.frag" />
    <None Include="App\example\shader\glsl\game_of_life.frag" />
    <None Include="App\example\shader\glsl\grayscale.frag" />
    <None Include="App\example\shader\glsl\homography.frag" />
    <None Include="App\example\shader\glsl\homography.vert" />
    <None Include="App\example\shader\glsl\multi_texture_blend.frag" />
    <None Include="App\example\shader\glsl\multi_texture_mask.frag" />
    <None Include="App\example\shader\glsl\poisson_disk.frag" />
    <None Include="App\example\shader\glsl\posterize.frag" />
    <None Include="App\example\shader\glsl\rgb_shift.frag" />
    <None Include="App\example\shader\glsl\rgb_to_bgr.frag" />
    <None Include="App\example\shader\glsl\soft_shape.vert" />
    <None Include="App\example\shader\glsl\swirl.frag" />
    <None Include="App\example\shader\glsl\terrain_forward.frag" />
    <None Include="App\example\shader\glsl\terrain_forward.vert" />
    <None Include="App\example\shader\glsl\terrain_normal.frag" />
    <None Include="App\example\svg\cat.svg" />
    <None Include="App\example\svg\turtle.svg" />
    <None Include="App\example\toml\config.toml" />
    <None Include="App\example\toml\test.toml" />
    <None Include="App\example\zip\zip_test.zip" />
    <None Include="App\Assets\Stage\background.json" />
    <None Include="App\example\obj\blacksmith.obj" />
    <None Include="App\example\obj\crystal1.obj" />
    <None Include="App\example\obj\crystal2.obj" />
    <None Include="App\example\obj\crystal3.obj" />
    <None Include="App\example\obj\mill.obj" />
    <None Include="App\example\obj\pine.obj" />
    <None Include="App\example\obj\siv3d-kun.obj" />
    <None Include="App\example\obj\tree.obj" />
    <None Include="App\example\shader\hlsl\default2d.hlsl" />
    <None Include="App\example\shader\hlsl\default3d_forward.hlsl" />
    <None Include="App\example\shader\hlsl\default3d_forward_shadow.hlsl" />
    <None Include="App\example\shader\hlsl\extract_bright_linear.hlsl" />
    <None Include="App\example\shader\hlsl\forward_fog.hlsl" />
    <None Include="App\example\shader\hlsl\forward_triplanar.hlsl" />
    <None Include="App\example\shader\hlsl\game_of_life.hlsl" />
    <None Include="App\example\shader\hlsl\grayscale.hlsl" />
    <None Include="App\example\shader\hlsl\homography.hlsl" />
    <None Include="App\example\shader\hlsl\multi_texture_blend.hlsl" />
    <None Include="App\example\shader\hlsl\multi_texture_mask.hlsl" />
    <None Include="App\example\shader\hlsl\poisson_disk.hlsl" />
    <None Include="App\example\shader\hlsl\posterize.hlsl" />
    <None Include="App\example\shader\hlsl\rgb_shift.hlsl" />
    <None Include="App\example\shader\hlsl\rgb_to_bgr.hlsl" />
    <None Include="App\example\shader\hlsl\soft_shape.hlsl" />
    <None Include="App\example\shader\hlsl\swirl.hlsl" />
    <None Include="App\example\shader\hlsl\terrain_forward.hlsl" />
    <None Include="App\example\shader\hlsl\terrain_normal.hlsl" />
    <None Include="App\Assets\Enemy\Eye\Eye_animation.json" />
    <None Include="App\Assets\Enemy\Clown\Clown_animation.json" />
    <None Include="App\Assets\Enemy\GothicLolitaDoll\GothicLolitaDoll_animation.json" />
    <None Include="App\Assets\Enemy\Spider\Spider_animation.json" />
    <None Include="App\Assets\Stage\stage1_3.json" />
    <None Include="App\Assets\Stage\stage1_1.json" />
    <None Include="App\Assets\Enemy\Boss1_3\Boss1_3_animation.json" />
    <None Include="App\Assets\Enemy\Ribbon\Ribbon_animation.json" />
    <None Include="App\Assets\Story\stage1_1_clear.csv" />
    <None Include="App\Assets\Story\stage1_1_start.csv" />
    <None Include="App\Assets\Story\stage1_2_start.csv" />
    <None Include="src\Domain\Stage\Imata_Task.md" />
    <None Include="App\Assets\Story\stage1_2_clear.csv" />
    <None Include="App\Assets\Story\stage1_3_clear.csv" />
    <None Include="App\Assets\Story\stage1_3_start.csv" />
  </ItemGroup>
  <ItemGroup>
    <Text Include="App\dll\soundtouch\COPYING.TXT" />
    <Text Include="App\engine\font\fontawesome\LICENSE.txt" />
    <Text Include="App\engine\soundfont\GMGSx.sf2.txt" />
    <Text Include="App\example\font\DotGothic16\OFL.txt" />
    <Text Include="App\example\font\RocknRoll\OFL.txt" />
    <Text Include="App\example\LICENSE.txt" />
    <Text Include="App\example\midi\test.txt" />
    <Text Include="App\example\obj\credit.txt" />
    <Text Include="App\example\spritesheet\siv3d-kun-16.txt" />
    <Text Include="App\example\svg\README.txt" />
    <Text Include="App\example\texture\credit.txt" />
    <Text Include="App\example\txt\en.txt" />
    <Text Include="App\example\txt\jp.txt" />
    <Text Include="App\example\txt\kr.txt" />
    <Text Include="App\example\txt\sc.txt" />
    <Text Include="App\example\video\river.txt" />
    <Text Include="App\Assets\Player\Skill\Bomb\playerSkill_bomb.json" />
    <Text Include="App\Assets\Enemy\enemy_stage1_1.json" />
    <Text Include="App\Assets\Enemy\enemy_stage1_2.json" />
    <Text Include="App\Assets\Enemy\enemy_stage1_3.json" />
    <Text Include="App\Assets\Enemy\enemy_stats.json" />
    <Text Include="App\Assets\Enemy\LittleDevil\LittleDevil_animation.json" />
    <Text Include="App\Assets\Player\player_animation.json" />
    <Text Include="App\Assets\Player\player_stats.json" />
    <Text Include="App\Assets\Player\skillData.json" />
    <Text Include="src\Domain\Physics\Domain_PhysicsDoc.md" />
    <Text Include="src\Domain\Events\Events.md" />
    <Text Include="src\Infrastructure\InfrastructureDoc.md" />
    <Text Include="src\Presentation\Presentation.md" />
    <Text Include="src\Domain\Enemy\EnemyDoc.md" />
  </ItemGroup>
</Project>